
Microsoft Visual Studio Solution File, Format Version 12.00
# Visual Studio Version 17
VisualStudioVersion = 17.14.36511.14 d17.14
MinimumVisualStudioVersion = 10.0.40219.1
Project("{FAE04EC0-301F-11D3-BF4B-00C04F79EFBC}") = "NotesApp", "NotesApp\NotesApp.csproj", "{72466B23-FA29-42F4-B0DD-DB619DEACB61}"
EndProject
Global
	GlobalSection(SolutionConfigurationPlatforms) = preSolution
		Debug|Any CPU = Debug|Any CPU
		Release|Any CPU = Release|Any CPU
	EndGlobalSection
	GlobalSection(ProjectConfigurationPlatforms) = postSolution
		{72466B23-FA29-42F4-B0DD-DB619DEACB61}.Debug|Any CPU.ActiveCfg = Debug|Any CPU
		{72466B23-FA29-42F4-B0DD-DB619DEACB61}.Debug|Any CPU.Build.0 = Debug|Any CPU
		{72466B23-FA29-42F4-B0DD-DB619DEACB61}.Release|Any CPU.ActiveCfg = Release|Any CPU
		{72466B23-FA29-42F4-B0DD-DB619DEACB61}.Release|Any CPU.Build.0 = Release|Any CPU
	EndGlobalSection
	GlobalSection(SolutionProperties) = preSolution
		HideSolutionNode = FALSE
	EndGlobalSection
	GlobalSection(ExtensibilityGlobals) = postSolution
		SolutionGuid = {A7FE4728-F770-4E26-ADAD-506988D0ACB6}
	EndGlobalSection
EndGlobal
